
Microsoft Visual Studio Solution File, Format Version 12.00
# Visual Studio Version 16
VisualStudioVersion = 16.0.30611.23
MinimumVisualStudioVersion = 10.0.40219.1
Project("{FAE04EC0-301F-11D3-BF4B-00C04F79EFBC}") = "WcfHealthCheck", "WcfHealthCheck\WcfHealthCheck.csproj", "{AFB2DA44-EC24-48A6-8AA8-08D0577204E0}"
EndProject
Project("{FAE04EC0-301F-11D3-BF4B-00C04F79EFBC}") = "WcfHealthCheckLibrary", "WcfHealthCheckLibrary\WcfHealthCheckLibrary.csproj", "{CC2DE532-855F-4FB0-B4C4-4B8056E5F605}"
EndProject
Global
	GlobalSection(SolutionConfigurationPlatforms) = preSolution
		Debug|Any CPU = Debug|Any CPU
		Release|Any CPU = Release|Any CPU
	EndGlobalSection
	GlobalSection(ProjectConfigurationPlatforms) = postSolution
		{AFB2DA44-EC24-48A6-8AA8-08D0577204E0}.Debug|Any CPU.ActiveCfg = Debug|Any CPU
		{AFB2DA44-EC24-48A6-8AA8-08D0577204E0}.Debug|Any CPU.Build.0 = Debug|Any CPU
		{AFB2DA44-EC24-48A6-8AA8-08D0577204E0}.Release|Any CPU.ActiveCfg = Release|Any CPU
		{AFB2DA44-EC24-48A6-8AA8-08D0577204E0}.Release|Any CPU.Build.0 = Release|Any CPU
		{CC2DE532-855F-4FB0-B4C4-4B8056E5F605}.Debug|Any CPU.ActiveCfg = Debug|Any CPU
		{CC2DE532-855F-4FB0-B4C4-4B8056E5F605}.Debug|Any CPU.Build.0 = Debug|Any CPU
		{CC2DE532-855F-4FB0-B4C4-4B8056E5F605}.Release|Any CPU.ActiveCfg = Release|Any CPU
		{CC2DE532-855F-4FB0-B4C4-4B8056E5F605}.Release|Any CPU.Build.0 = Release|Any CPU
	EndGlobalSection
	GlobalSection(SolutionProperties) = preSolution
		HideSolutionNode = FALSE
	EndGlobalSection
	GlobalSection(ExtensibilityGlobals) = postSolution
		SolutionGuid = {19E984D2-7C13-44A9-AF42-D9B3F4E95E00}
	EndGlobalSection
EndGlobal
